
Microsoft Visual Studio Solution File, Format Version 12.00
# Visual Studio Version 16
VisualStudioVersion = 16.0.29326.143
MinimumVisualStudioVersion = 10.0.40219.1
Project("{FAE04EC0-301F-11D3-BF4B-00C04F79EFBC}") = "EmailSender.UI", "EmailSender.UI\EmailSender.UI.csproj", "{08EA3BA0-5EAC-4CA2-BAD4-9BD8BE92EB68}"
EndProject
Global
	GlobalSection(SolutionConfigurationPlatforms) = preSolution
		Debug|Any CPU = Debug|Any CPU
		Release|Any CPU = Release|Any CPU
	EndGlobalSection
	GlobalSection(ProjectConfigurationPlatforms) = postSolution
		{08EA3BA0-5EAC-4CA2-BAD4-9BD8BE92EB68}.Debug|Any CPU.ActiveCfg = Debug|Any CPU
		{08EA3BA0-5EAC-4CA2-BAD4-9BD8BE92EB68}.Debug|Any CPU.Build.0 = Debug|Any CPU
		{08EA3BA0-5EAC-4CA2-BAD4-9BD8BE92EB68}.Release|Any CPU.ActiveCfg = Release|Any CPU
		{08EA3BA0-5EAC-4CA2-BAD4-9BD8BE92EB68}.Release|Any CPU.Build.0 = Release|Any CPU
	EndGlobalSection
	GlobalSection(SolutionProperties) = preSolution
		HideSolutionNode = FALSE
	EndGlobalSection
	GlobalSection(ExtensibilityGlobals) = postSolution
		SolutionGuid = {93BFAB7C-5732-4319-9C0E-66AE04AEF61C}
	EndGlobalSection
EndGlobal
